
Microsoft Visual Studio Solution File, Format Version 12.00
# Visual Studio 2013
VisualStudioVersion = 12.0.40629.0
MinimumVisualStudioVersion = 10.0.40219.1
Project("{FAE04EC0-301F-11D3-BF4B-00C04F79EFBC}") = "GraphicsDemo", "GraphicsDemo\GraphicsDemo.csproj", "{A28083F3-5DC5-4A3D-9DB2-73B923C2A015}"
EndProject
Project("{FAE04EC0-301F-11D3-BF4B-00C04F79EFBC}") = "ChartLib", "ChartLib\ChartLib.csproj", "{3AEB48A6-E61C-464C-93E1-444DF9335E80}"
EndProject
Global
	GlobalSection(SolutionConfigurationPlatforms) = preSolution
		Debug|Any CPU = Debug|Any CPU
		Release|Any CPU = Release|Any CPU
	EndGlobalSection
	GlobalSection(ProjectConfigurationPlatforms) = postSolution
		{A28083F3-5DC5-4A3D-9DB2-73B923C2A015}.Debug|Any CPU.ActiveCfg = Debug|Any CPU
		{A28083F3-5DC5-4A3D-9DB2-73B923C2A015}.Debug|Any CPU.Build.0 = Debug|Any CPU
		{A28083F3-5DC5-4A3D-9DB2-73B923C2A015}.Release|Any CPU.ActiveCfg = Release|Any CPU
		{A28083F3-5DC5-4A3D-9DB2-73B923C2A015}.Release|Any CPU.Build.0 = Release|Any CPU
		{3AEB48A6-E61C-464C-93E1-444DF9335E80}.Debug|Any CPU.ActiveCfg = Debug|Any CPU
		{3AEB48A6-E61C-464C-93E1-444DF9335E80}.Debug|Any CPU.Build.0 = Debug|Any CPU
		{3AEB48A6-E61C-464C-93E1-444DF9335E80}.Release|Any CPU.ActiveCfg = Release|Any CPU
		{3AEB48A6-E61C-464C-93E1-444DF9335E80}.Release|Any CPU.Build.0 = Release|Any CPU
	EndGlobalSection
	GlobalSection(SolutionProperties) = preSolution
		HideSolutionNode = FALSE
	EndGlobalSection
EndGlobal
